<?xml version="1.0" encoding="utf-8"?>
<Project ToolsVersion="4.0" xmlns="http://schemas.microsoft.com/developer/msbuild/2003">
  <ItemGroup>
    <Filter Include="Source Files">
      <UniqueIdentifier>{4FC737F1-C7A5-4376-A066-2A32D752A2FF}</UniqueIdentifier>
      <Extensions>cpp;c;cc;cxx;def;odl;idl;hpj;bat;asm;asmx</Extensions>
    </Filter>
    <Filter Include="Header Files">
      <UniqueIdentifier>{93995380-89BD-4b04-88EB-625FBE52EBFB}</UniqueIdentifier>
      <Extensions>h;hh;hpp;hxx;hm;inl;inc;xsd</Extensions>
    </Filter>
    <Filter Include="Resource Files">
      <UniqueIdentifier>{67DA6AB6-F800-4c08-8B7A-83BB121AAD01}</UniqueIdentifier>
      <Extensions>rc;ico;cur;bmp;dlg;rc2;rct;bin;rgs;gif;jpg;jpeg;jpe;resx;tiff;tif;png;wav;mfcribbon-ms</Extensions>
    </Filter>
  </ItemGroup>
  <ItemGroup>
    <ClInclude Include="..\..\QuickStats\QuickStats.h">
      <Filter>Header Files</Filter>
    </ClInclude>
    <ClInclude Include="..\TybluLsq\TybluLsq.h">
      <Filter>Header Files</Filter>
    </ClInclude>
    <ClInclude Include="SonarSensor.h">
      <Filter>Header Files</Filter>
    </ClInclude>
    <ClInclude Include="TopoScan.h">
      <Filter>Header Files</Filter>
    </ClInclude>
    <ClInclude Include="limits.h">
      <Filter>Header Files</Filter>
    </ClInclude>
    <ClInclude Include="__vm\.AutoMove.vsarduino.h">
      <Filter>Header Files</Filter>
    </ClInclude>
    <ClInclude Include="RobotArmState.h">
      <Filter>Header Files</Filter>
    </ClInclude>
    <ClInclude Include="IntegerGeometry.h">
      <Filter>Header Files</Filter>
    </ClInclude>
    <ClInclude Include="RobotArmMember.h">
      <Filter>Header Files</Filter>
    </ClInclude>
    <ClInclude Include="ForceSensor.h">
      <Filter>Header Files</Filter>
    </ClInclude>
    <ClInclude Include="AutoMovePinDefinitions.h">
      <Filter>Header Files</Filter>
    </ClInclude>
    <ClInclude Include="AutoMoveSD.h">
      <Filter>Header Files</Filter>
    </ClInclude>
  </ItemGroup>
  <ItemGroup>
    <ClCompile Include="AutoMove.cpp">
      <Filter>Source Files</Filter>
    </ClCompile>
    <ClCompile Include="..\..\QuickStats\QuickStats.cpp">
      <Filter>Source Files</Filter>
    </ClCompile>
    <ClCompile Include="..\TybluLsq\TybluLsq.cpp">
      <Filter>Source Files</Filter>
    </ClCompile>
    <ClCompile Include="SonarSensor.cpp">
      <Filter>Source Files</Filter>
    </ClCompile>
    <ClCompile Include="TopoScan.cpp">
      <Filter>Source Files</Filter>
    </ClCompile>
    <ClCompile Include="RobotArmState.cpp">
      <Filter>Source Files</Filter>
    </ClCompile>
    <ClCompile Include="IntegerGeometry.cpp">
      <Filter>Source Files</Filter>
    </ClCompile>
    <ClCompile Include="RobotArmMember.cpp">
      <Filter>Source Files</Filter>
    </ClCompile>
    <ClCompile Include="ForceSensor.cpp">
      <Filter>Source Files</Filter>
    </ClCompile>
    <ClCompile Include="AutoMoveSD.cpp">
      <Filter>Source Files</Filter>
    </ClCompile>
  </ItemGroup>
  <ItemGroup>
    <ResourceCompile Include="AutoMove.rc">
      <Filter>Resource Files</Filter>
    </ResourceCompile>
  </ItemGroup>
  <ItemGroup>
    <None Include="AutoMove.ino" />
  </ItemGroup>
</Project>